
  - id: "aea6-2f78-6c0b"
    web:
      metaDescription: ""
      metaTitle: "Buyer Programs"
      metaLinkText: "Buyer Programs"
      metaKeywords: null
      pathPart: null
      path: null
      sitemapPriority: -1
      canonicalTagMode: 1
      canonicalQueryParamWhitelist: null
      canonicalTagCustomValue: null
      parent: "/"
    meta:
      sort: 117
      listed: true
    data:
      content: "Click here for a summary of housing related programs for home buyers in all counties in Maryland."
      heading: "Buyer Programs"
      image_icon: "research"
      service_link: "/mortgage-programs/"
      service_sort: 1
  - id: "03e1-70cb-b27a"
    web:
      metaDescription: ""
      metaTitle: "Education"
      metaLinkText: "Education"
      metaKeywords: null
      pathPart: null
      path: null
      sitemapPriority: -1
      canonicalTagMode: 1
      canonicalQueryParamWhitelist: null
      canonicalTagCustomValue: null
      parent: "/"
    meta:
      sort: 118
      listed: true
    data:
      content: "Credit and financial education can get you the knowledge you need when planning a home purchase."
      heading: "Education"
      image_icon: "business-and-finance"
      service_link: "/credit-financial-education/"
      service_sort: 2
  - id: "ccd1-5f3f-d500"
    web:
      metaDescription: ""
      metaTitle: "Selling a home?"
      metaLinkText: "Selling a home?"
      metaKeywords: null
      pathPart: null
      path: null
      sitemapPriority: -1
      canonicalTagMode: 1
      canonicalQueryParamWhitelist: null
      canonicalTagCustomValue: null
      parent: "/"
    meta:
      sort: 119
      listed: true
    data:
      content: "The process of selling a home can be daunting, but our toolkit guides you through the process step-by-step."
      heading: "Selling a home?"
      image_icon: "home"
      service_link: "/toolkits/"
      service_sort: 3
